
Microsoft Visual Studio Solution File, Format Version 12.00
# Visual Studio Version 16
VisualStudioVersion = 16.0.30523.141
MinimumVisualStudioVersion = 10.0.40219.1
Project("{9A19103F-16F7-4668-BE54-9A1E7A4F7556}") = "Payment processing", "PaymentProcessing\Payment processing.csproj", "{48577F6A-D4F0-408D-8DC2-99BB1138A128}"
EndProject
Global
	GlobalSection(SolutionConfigurationPlatforms) = preSolution
		Debug|Any CPU = Debug|Any CPU
		Release|Any CPU = Release|Any CPU
	EndGlobalSection
	GlobalSection(ProjectConfigurationPlatforms) = postSolution
		{48577F6A-D4F0-408D-8DC2-99BB1138A128}.Debug|Any CPU.ActiveCfg = Debug|Any CPU
		{48577F6A-D4F0-408D-8DC2-99BB1138A128}.Debug|Any CPU.Build.0 = Debug|Any CPU
		{48577F6A-D4F0-408D-8DC2-99BB1138A128}.Release|Any CPU.ActiveCfg = Release|Any CPU
		{48577F6A-D4F0-408D-8DC2-99BB1138A128}.Release|Any CPU.Build.0 = Release|Any CPU
	EndGlobalSection
	GlobalSection(SolutionProperties) = preSolution
		HideSolutionNode = FALSE
	EndGlobalSection
	GlobalSection(ExtensibilityGlobals) = postSolution
		SolutionGuid = {8885257B-7786-4ECD-A900-667664505ED9}
	EndGlobalSection
EndGlobal
